
Microsoft Visual Studio Solution File, Format Version 12.00
# Visual Studio Version 16
VisualStudioVersion = 16.0.31112.23
MinimumVisualStudioVersion = 10.0.40219.1
Project("{9A19103F-16F7-4668-BE54-9A1E7A4F7556}") = "VectorLibrary", "VectorLibrary\VectorLibrary.csproj", "{D575DB7B-1C2B-42DE-B868-6F67B0571D36}"
EndProject
Project("{9A19103F-16F7-4668-BE54-9A1E7A4F7556}") = "ConsoleForTesting", "ConsoleForTesting\ConsoleForTesting.csproj", "{96F6ADE2-5DAA-4E8E-9B7B-8C95DDC60E00}"
EndProject
Project("{FAE04EC0-301F-11D3-BF4B-00C04F79EFBC}") = "VectorMath", "VectorMath\VectorMath.csproj", "{7E296A22-977F-479B-A9F5-8C6EFE313F61}"
EndProject
Global
	GlobalSection(SolutionConfigurationPlatforms) = preSolution
		Debug|Any CPU = Debug|Any CPU
		Release|Any CPU = Release|Any CPU
	EndGlobalSection
	GlobalSection(ProjectConfigurationPlatforms) = postSolution
		{D575DB7B-1C2B-42DE-B868-6F67B0571D36}.Debug|Any CPU.ActiveCfg = Debug|Any CPU
		{D575DB7B-1C2B-42DE-B868-6F67B0571D36}.Debug|Any CPU.Build.0 = Debug|Any CPU
		{D575DB7B-1C2B-42DE-B868-6F67B0571D36}.Release|Any CPU.ActiveCfg = Release|Any CPU
		{D575DB7B-1C2B-42DE-B868-6F67B0571D36}.Release|Any CPU.Build.0 = Release|Any CPU
		{96F6ADE2-5DAA-4E8E-9B7B-8C95DDC60E00}.Debug|Any CPU.ActiveCfg = Debug|Any CPU
		{96F6ADE2-5DAA-4E8E-9B7B-8C95DDC60E00}.Debug|Any CPU.Build.0 = Debug|Any CPU
		{96F6ADE2-5DAA-4E8E-9B7B-8C95DDC60E00}.Release|Any CPU.ActiveCfg = Release|Any CPU
		{96F6ADE2-5DAA-4E8E-9B7B-8C95DDC60E00}.Release|Any CPU.Build.0 = Release|Any CPU
		{7E296A22-977F-479B-A9F5-8C6EFE313F61}.Debug|Any CPU.ActiveCfg = Debug|Any CPU
		{7E296A22-977F-479B-A9F5-8C6EFE313F61}.Debug|Any CPU.Build.0 = Debug|Any CPU
		{7E296A22-977F-479B-A9F5-8C6EFE313F61}.Release|Any CPU.ActiveCfg = Release|Any CPU
		{7E296A22-977F-479B-A9F5-8C6EFE313F61}.Release|Any CPU.Build.0 = Release|Any CPU
	EndGlobalSection
	GlobalSection(SolutionProperties) = preSolution
		HideSolutionNode = FALSE
	EndGlobalSection
	GlobalSection(ExtensibilityGlobals) = postSolution
		SolutionGuid = {FE24286F-261D-4B70-B6E0-91BD9AC35374}
	EndGlobalSection
EndGlobal
